// !$*UTF8*$!
{
	archiveVersion = 1;
	classes = {
	};
	objectVersion = 56;
	objects = {

/* Begin PBXBuildFile section */
		FA5488CB2FAEB831002BC18B /* SleepAPI.swift in Sources */ = {isa = PBXBuildFile; fileRef = FA5488CA2FAEB831002BC18B /* SleepAPI.swift */; };
		FA5488D32FAEB964002BC18B /* BabySleepTrackerTests.swift in Sources */ = {isa = PBXBuildFile; fileRef = FA5488D22FAEB964002BC18B /* BabySleepTrackerTests.swift */; };
		FA5488DA2FAEB98D002BC18B /* AddRecorViewModelTests.swift in Sources */ = {isa = PBXBuildFile; fileRef = FA5488D92FAEB98D002BC18B /* AddRecorViewModelTests.swift */; };
		FA5488DC2FAEBBD4002BC18B /* SleepAPITests.swift in Sources */ = {isa = PBXBuildFile; fileRef = FA5488DB2FAEBBD4002BC18B /* SleepAPITests.swift */; };
		FAEF10442F4E207F00E76FD4 /* BabySleepTrackerApp.swift in Sources */ = {isa = PBXBuildFile; fileRef = FAEF10432F4E207F00E76FD4 /* BabySleepTrackerApp.swift */; };
		FAEF10462F4E207F00E76FD4 /* SleepListView.swift in Sources */ = {isa = PBXBuildFile; fileRef = FAEF10452F4E207F00E76FD4 /* SleepListView.swift */; };
		FAEF10482F4E208000E76FD4 /* Assets.xcassets in Resources */ = {isa = PBXBuildFile; fileRef = FAEF10472F4E208000E76FD4 /* Assets.xcassets */; };
		FAEF104B2F4E208000E76FD4 /* Preview Assets.xcassets in Resources */ = {isa = PBXBuildFile; fileRef = FAEF104A2F4E208000E76FD4 /* Preview Assets.xcassets */; };
		FAEF104D2F4E208000E76FD4 /* SleepStore.swift in Sources */ = {isa = PBXBuildFile; fileRef = FAEF104C2F4E208000E76FD4 /* SleepStore.swift */; };
		FAEF10502F4E208000E76FD4 /* BabySleepTracker.xcdatamodeld in Sources */ = {isa = PBXBuildFile; fileRef = FAEF104E2F4E208000E76FD4 /* BabySleepTracker.xcdatamodeld */; };
		FAEF10572F4E20BC00E76FD4 /* DayDetailView.swift in Sources */ = {isa = PBXBuildFile; fileRef = FAEF10562F4E20BC00E76FD4 /* DayDetailView.swift */; };
		FAEF10592F4E20D600E76FD4 /* AddRecordView.swift in Sources */ = {isa = PBXBuildFile; fileRef = FAEF10582F4E20D600E76FD4 /* AddRecordView.swift */; };
		FAEF105B2F4E210600E76FD4 /* SleepRecord.swift in Sources */ = {isa = PBXBuildFile; fileRef = FAEF105A2F4E210600E76FD4 /* SleepRecord.swift */; };
		FAEF105D2F4E212F00E76FD4 /* TimeFormat.swift in Sources */ = {isa = PBXBuildFile; fileRef = FAEF105C2F4E212F00E76FD4 /* TimeFormat.swift */; };
		FAEF10642F4E284100E76FD4 /* SleepKind.swift in Sources */ = {isa = PBXBuildFile; fileRef = FAEF10632F4E284100E76FD4 /* SleepKind.swift */; };
		FAEF10662F4E5A1E00E76FD4 /* SleepListViewModel.swift in Sources */ = {isa = PBXBuildFile; fileRef = FAEF10652F4E5A1E00E76FD4 /* SleepListViewModel.swift */; };
		FAEF10682F4E5A7200E76FD4 /* AddRecordViewModel.swift in Sources */ = {isa = PBXBuildFile; fileRef = FAEF10672F4E5A7200E76FD4 /* AddRecordViewModel.swift */; };
		FAEF106A2F4E5D0100E76FD4 /* DayDetailViewModel.swift in Sources */ = {isa = PBXBuildFile; fileRef = FAEF10692F4E5D0100E76FD4 /* DayDetailViewModel.swift */; };
		FAEF106C2F4FA0C800E76FD4 /* SegmentKind.swift in Sources */ = {isa = PBXBuildFile; fileRef = FAEF106B2F4FA0C800E76FD4 /* SegmentKind.swift */; };
		FAEF106E2F53066D00E76FD4 /* AddBreakView.swift in Sources */ = {isa = PBXBuildFile; fileRef = FAEF106D2F53066D00E76FD4 /* AddBreakView.swift */; };
		FAEF10702F530D3100E76FD4 /* SleepRecordRow.swift in Sources */ = {isa = PBXBuildFile; fileRef = FAEF106F2F530D3100E76FD4 /* SleepRecordRow.swift */; };
		FAEF10722F536DB200E76FD4 /* NapPickerView.swift in Sources */ = {isa = PBXBuildFile; fileRef = FAEF10712F536DB200E76FD4 /* NapPickerView.swift */; };
/* End PBXBuildFile section */

/* Begin PBXContainerItemProxy section */
		FA5488D42FAEB964002BC18B /* PBXContainerItemProxy */ = {
			isa = PBXContainerItemProxy;
			containerPortal = FAEF10382F4E207F00E76FD4 /* Project object */;
			proxyType = 1;
			remoteGlobalIDString = FAEF103F2F4E207F00E76FD4;
			remoteInfo = BabySleepTracker;
		};
/* End PBXContainerItemProxy section */

/* Begin PBXFileReference section */
		FA5488CA2FAEB831002BC18B /* SleepAPI.swift */ = {isa = PBXFileReference; fileEncoding = 4; lastKnownFileType = sourcecode.swift; path = SleepAPI.swift; sourceTree = "<group>"; };
		FA5488D02FAEB964002BC18B /* BabySleepTrackerTests.xctest */ = {isa = PBXFileReference; explicitFileType = wrapper.cfbundle; includeInIndex = 0; path = BabySleepTrackerTests.xctest; sourceTree = BUILT_PRODUCTS_DIR; };
		FA5488D22FAEB964002BC18B /* BabySleepTrackerTests.swift */ = {isa = PBXFileReference; lastKnownFileType = sourcecode.swift; path = BabySleepTrackerTests.swift; sourceTree = "<group>"; };
		FA5488D92FAEB98D002BC18B /* AddRecorViewModelTests.swift */ = {isa = PBXFileReference; lastKnownFileType = sourcecode.swift; path = AddRecorViewModelTests.swift; sourceTree = "<group>"; };
		FA5488DB2FAEBBD4002BC18B /* SleepAPITests.swift */ = {isa = PBXFileReference; lastKnownFileType = sourcecode.swift; path = SleepAPITests.swift; sourceTree = "<group>"; };
		FAEF10402F4E207F00E76FD4 /* BabySleepTracker.app */ = {isa = PBXFileReference; explicitFileType = wrapper.application; includeInIndex = 0; path = BabySleepTracker.app; sourceTree = BUILT_PRODUCTS_DIR; };
		FAEF10432F4E207F00E76FD4 /* BabySleepTrackerApp.swift */ = {isa = PBXFileReference; lastKnownFileType = sourcecode.swift; path = BabySleepTrackerApp.swift; sourceTree = "<group>"; };
		FAEF10452F4E207F00E76FD4 /* SleepListView.swift */ = {isa = PBXFileReference; lastKnownFileType = sourcecode.swift; path = SleepListView.swift; sourceTree = "<group>"; };
		FAEF10472F4E208000E76FD4 /* Assets.xcassets */ = {isa = PBXFileReference; lastKnownFileType = folder.assetcatalog; path = Assets.xcassets; sourceTree = "<group>"; };
		FAEF104A2F4E208000E76FD4 /* Preview Assets.xcassets */ = {isa = PBXFileReference; lastKnownFileType = folder.assetcatalog; path = "Preview Assets.xcassets"; sourceTree = "<group>"; };
		FAEF104C2F4E208000E76FD4 /* SleepStore.swift */ = {isa = PBXFileReference; lastKnownFileType = sourcecode.swift; path = SleepStore.swift; sourceTree = "<group>"; };
		FAEF104F2F4E208000E76FD4 /* BabySleepTracker.xcdatamodel */ = {isa = PBXFileReference; lastKnownFileType = wrapper.xcdatamodel; path = BabySleepTracker.xcdatamodel; sourceTree = "<group>"; };
		FAEF10562F4E20BC00E76FD4 /* DayDetailView.swift */ = {isa = PBXFileReference; lastKnownFileType = sourcecode.swift; path = DayDetailView.swift; sourceTree = "<group>"; };
		FAEF10582F4E20D600E76FD4 /* AddRecordView.swift */ = {isa = PBXFileReference; lastKnownFileType = sourcecode.swift; path = AddRecordView.swift; sourceTree = "<group>"; };
		FAEF105A2F4E210600E76FD4 /* SleepRecord.swift */ = {isa = PBXFileReference; lastKnownFileType = sourcecode.swift; path = SleepRecord.swift; sourceTree = "<group>"; };
		FAEF105C2F4E212F00E76FD4 /* TimeFormat.swift */ = {isa = PBXFileReference; lastKnownFileType = sourcecode.swift; path = TimeFormat.swift; sourceTree = "<group>"; };
		FAEF10632F4E284100E76FD4 /* SleepKind.swift */ = {isa = PBXFileReference; lastKnownFileType = sourcecode.swift; path = SleepKind.swift; sourceTree = "<group>"; };
		FAEF10652F4E5A1E00E76FD4 /* SleepListViewModel.swift */ = {isa = PBXFileReference; lastKnownFileType = sourcecode.swift; path = SleepListViewModel.swift; sourceTree = "<group>"; };
		FAEF10672F4E5A7200E76FD4 /* AddRecordViewModel.swift */ = {isa = PBXFileReference; lastKnownFileType = sourcecode.swift; path = AddRecordViewModel.swift; sourceTree = "<group>"; };
		FAEF10692F4E5D0100E76FD4 /* DayDetailViewModel.swift */ = {isa = PBXFileReference; lastKnownFileType = sourcecode.swift; path = DayDetailViewModel.swift; sourceTree = "<group>"; };
		FAEF106B2F4FA0C800E76FD4 /* SegmentKind.swift */ = {isa = PBXFileReference; lastKnownFileType = sourcecode.swift; path = SegmentKind.swift; sourceTree = "<group>"; };
		FAEF106D2F53066D00E76FD4 /* AddBreakView.swift */ = {isa = PBXFileReference; lastKnownFileType = sourcecode.swift; path = AddBreakView.swift; sourceTree = "<group>"; };
		FAEF106F2F530D3100E76FD4 /* SleepRecordRow.swift */ = {isa = PBXFileReference; lastKnownFileType = sourcecode.swift; path = SleepRecordRow.swift; sourceTree = "<group>"; };
		FAEF10712F536DB200E76FD4 /* NapPickerView.swift */ = {isa = PBXFileReference; lastKnownFileType = sourcecode.swift; path = NapPickerView.swift; sourceTree = "<group>"; };
/* End PBXFileReference section */

/* Begin PBXFrameworksBuildPhase section */
		FA5488CD2FAEB964002BC18B /* Frameworks */ = {
			isa = PBXFrameworksBuildPhase;
			buildActionMask = 2147483647;
			files = (
			);
			runOnlyForDeploymentPostprocessing = 0;
		};
		FAEF103D2F4E207F00E76FD4 /* Frameworks */ = {
			isa = PBXFrameworksBuildPhase;
			buildActionMask = 2147483647;
			files = (
			);
			runOnlyForDeploymentPostprocessing = 0;
		};
/* End PBXFrameworksBuildPhase section */

/* Begin PBXGroup section */
		FA5488D12FAEB964002BC18B /* BabySleepTrackerTests */ = {
			isa = PBXGroup;
			children = (
				FA5488D22FAEB964002BC18B /* BabySleepTrackerTests.swift */,
				FA5488D92FAEB98D002BC18B /* AddRecorViewModelTests.swift */,
				FA5488DB2FAEBBD4002BC18B /* SleepAPITests.swift */,
			);
			path = BabySleepTrackerTests;
			sourceTree = "<group>";
		};
		FAEF10372F4E207F00E76FD4 = {
			isa = PBXGroup;
			children = (
				FAEF10422F4E207F00E76FD4 /* BabySleepTracker */,
				FA5488D12FAEB964002BC18B /* BabySleepTrackerTests */,
				FAEF10412F4E207F00E76FD4 /* Products */,
			);
			sourceTree = "<group>";
		};
		FAEF10412F4E207F00E76FD4 /* Products */ = {
			isa = PBXGroup;
			children = (
				FAEF10402F4E207F00E76FD4 /* BabySleepTracker.app */,
				FA5488D02FAEB964002BC18B /* BabySleepTrackerTests.xctest */,
			);
			name = Products;
			sourceTree = "<group>";
		};
		FAEF10422F4E207F00E76FD4 /* BabySleepTracker */ = {
			isa = PBXGroup;
			children = (
				FAEF10432F4E207F00E76FD4 /* BabySleepTrackerApp.swift */,
				FAEF10622F4E26DA00E76FD4 /* Utils */,
				FAEF10612F4E26CE00E76FD4 /* Services */,
				FAEF10602F4E26BD00E76FD4 /* ViewModels */,
				FAEF105F2F4E26B100E76FD4 /* Views */,
				FAEF105E2F4E269E00E76FD4 /* Models */,
				FAEF10472F4E208000E76FD4 /* Assets.xcassets */,
				FAEF104E2F4E208000E76FD4 /* BabySleepTracker.xcdatamodeld */,
				FAEF10492F4E208000E76FD4 /* Preview Content */,
			);
			path = BabySleepTracker;
			sourceTree = "<group>";
		};
		FAEF10492F4E208000E76FD4 /* Preview Content */ = {
			isa = PBXGroup;
			children = (
				FAEF104A2F4E208000E76FD4 /* Preview Assets.xcassets */,
			);
			path = "Preview Content";
			sourceTree = "<group>";
		};
		FAEF105E2F4E269E00E76FD4 /* Models */ = {
			isa = PBXGroup;
			children = (
				FAEF106B2F4FA0C800E76FD4 /* SegmentKind.swift */,
				FAEF105A2F4E210600E76FD4 /* SleepRecord.swift */,
				FAEF10632F4E284100E76FD4 /* SleepKind.swift */,
			);
			path = Models;
			sourceTree = "<group>";
		};
		FAEF105F2F4E26B100E76FD4 /* Views */ = {
			isa = PBXGroup;
			children = (
				FAEF106F2F530D3100E76FD4 /* SleepRecordRow.swift */,
				FAEF10712F536DB200E76FD4 /* NapPickerView.swift */,
				FAEF106D2F53066D00E76FD4 /* AddBreakView.swift */,
				FAEF10562F4E20BC00E76FD4 /* DayDetailView.swift */,
				FAEF10582F4E20D600E76FD4 /* AddRecordView.swift */,
				FAEF10452F4E207F00E76FD4 /* SleepListView.swift */,
			);
			path = Views;
			sourceTree = "<group>";
		};
		FAEF10602F4E26BD00E76FD4 /* ViewModels */ = {
			isa = PBXGroup;
			children = (
				FAEF10692F4E5D0100E76FD4 /* DayDetailViewModel.swift */,
				FAEF10652F4E5A1E00E76FD4 /* SleepListViewModel.swift */,
				FAEF10672F4E5A7200E76FD4 /* AddRecordViewModel.swift */,
			);
			path = ViewModels;
			sourceTree = "<group>";
		};
		FAEF10612F4E26CE00E76FD4 /* Services */ = {
			isa = PBXGroup;
			children = (
				FA5488CA2FAEB831002BC18B /* SleepAPI.swift */,
				FAEF104C2F4E208000E76FD4 /* SleepStore.swift */,
			);
			path = Services;
			sourceTree = "<group>";
		};
		FAEF10622F4E26DA00E76FD4 /* Utils */ = {
			isa = PBXGroup;
			children = (
				FAEF105C2F4E212F00E76FD4 /* TimeFormat.swift */,
			);
			path = Utils;
			sourceTree = "<group>";
		};
/* End PBXGroup section */

/* Begin PBXNativeTarget section */
		FA5488CF2FAEB964002BC18B /* BabySleepTrackerTests */ = {
			isa = PBXNativeTarget;
			buildConfigurationList = FA5488D62FAEB964002BC18B /* Build configuration list for PBXNativeTarget "BabySleepTrackerTests" */;
			buildPhases = (
				FA5488CC2FAEB964002BC18B /* Sources */,
				FA5488CD2FAEB964002BC18B /* Frameworks */,
				FA5488CE2FAEB964002BC18B /* Resources */,
			);
			buildRules = (
			);
			dependencies = (
				FA5488D52FAEB964002BC18B /* PBXTargetDependency */,
			);
			name = BabySleepTrackerTests;
			productName = BabySleepTrackerTests;
			productReference = FA5488D02FAEB964002BC18B /* BabySleepTrackerTests.xctest */;
			productType = "com.apple.product-type.bundle.unit-test";
		};
		FAEF103F2F4E207F00E76FD4 /* BabySleepTracker */ = {
			isa = PBXNativeTarget;
			buildConfigurationList = FAEF10532F4E208000E76FD4 /* Build configuration list for PBXNativeTarget "BabySleepTracker" */;
			buildPhases = (
				FAEF103C2F4E207F00E76FD4 /* Sources */,
				FAEF103D2F4E207F00E76FD4 /* Frameworks */,
				FAEF103E2F4E207F00E76FD4 /* Resources */,
			);
			buildRules = (
			);
			dependencies = (
			);
			name = BabySleepTracker;
			productName = BabySleepTracker;
			productReference = FAEF10402F4E207F00E76FD4 /* BabySleepTracker.app */;
			productType = "com.apple.product-type.application";
		};
/* End PBXNativeTarget section */

/* Begin PBXProject section */
		FAEF10382F4E207F00E76FD4 /* Project object */ = {
			isa = PBXProject;
			attributes = {
				BuildIndependentTargetsInParallel = 1;
				LastSwiftUpdateCheck = 1420;
				LastUpgradeCheck = 1420;
				TargetAttributes = {
					FA5488CF2FAEB964002BC18B = {
						CreatedOnToolsVersion = 14.2;
						TestTargetID = FAEF103F2F4E207F00E76FD4;
					};
					FAEF103F2F4E207F00E76FD4 = {
						CreatedOnToolsVersion = 14.2;
					};
				};
			};
			buildConfigurationList = FAEF103B2F4E207F00E76FD4 /* Build configuration list for PBXProject "BabySleepTracker" */;
			compatibilityVersion = "Xcode 14.0";
			developmentRegion = en;
			hasScannedForEncodings = 0;
			knownRegions = (
				en,
				Base,
			);
			mainGroup = FAEF10372F4E207F00E76FD4;
			productRefGroup = FAEF10412F4E207F00E76FD4 /* Products */;
			projectDirPath = "";
			projectRoot = "";
			targets = (
				FAEF103F2F4E207F00E76FD4 /* BabySleepTracker */,
				FA5488CF2FAEB964002BC18B /* BabySleepTrackerTests */,
			);
		};
/* End PBXProject section */

/* Begin PBXResourcesBuildPhase section */
		FA5488CE2FAEB964002BC18B /* Resources */ = {
			isa = PBXResourcesBuildPhase;
			buildActionMask = 2147483647;
			files = (
			);
			runOnlyForDeploymentPostprocessing = 0;
		};
		FAEF103E2F4E207F00E76FD4 /* Resources */ = {
			isa = PBXResourcesBuildPhase;
			buildActionMask = 2147483647;
			files = (
				FAEF104B2F4E208000E76FD4 /* Preview Assets.xcassets in Resources */,
				FAEF10482F4E208000E76FD4 /* Assets.xcassets in Resources */,
			);
			runOnlyForDeploymentPostprocessing = 0;
		};
/* End PBXResourcesBuildPhase section */

/* Begin PBXSourcesBuildPhase section */
		FA5488CC2FAEB964002BC18B /* Sources */ = {
			isa = PBXSourcesBuildPhase;
			buildActionMask = 2147483647;
			files = (
				FA5488DA2FAEB98D002BC18B /* AddRecorViewModelTests.swift in Sources */,
				FA5488DC2FAEBBD4002BC18B /* SleepAPITests.swift in Sources */,
				FA5488D32FAEB964002BC18B /* BabySleepTrackerTests.swift in Sources */,
			);
			runOnlyForDeploymentPostprocessing = 0;
		};
		FAEF103C2F4E207F00E76FD4 /* Sources */ = {
			isa = PBXSourcesBuildPhase;
			buildActionMask = 2147483647;
			files = (
				FAEF106A2F4E5D0100E76FD4 /* DayDetailViewModel.swift in Sources */,
				FAEF10502F4E208000E76FD4 /* BabySleepTracker.xcdatamodeld in Sources */,
				FA5488CB2FAEB831002BC18B /* SleepAPI.swift in Sources */,
				FAEF105B2F4E210600E76FD4 /* SleepRecord.swift in Sources */,
				FAEF10592F4E20D600E76FD4 /* AddRecordView.swift in Sources */,
				FAEF105D2F4E212F00E76FD4 /* TimeFormat.swift in Sources */,
				FAEF106C2F4FA0C800E76FD4 /* SegmentKind.swift in Sources */,
				FAEF10722F536DB200E76FD4 /* NapPickerView.swift in Sources */,
				FAEF106E2F53066D00E76FD4 /* AddBreakView.swift in Sources */,
				FAEF10572F4E20BC00E76FD4 /* DayDetailView.swift in Sources */,
				FAEF104D2F4E208000E76FD4 /* SleepStore.swift in Sources */,
				FAEF10662F4E5A1E00E76FD4 /* SleepListViewModel.swift in Sources */,
				FAEF10682F4E5A7200E76FD4 /* AddRecordViewModel.swift in Sources */,
				FAEF10462F4E207F00E76FD4 /* SleepListView.swift in Sources */,
				FAEF10642F4E284100E76FD4 /* SleepKind.swift in Sources */,
				FAEF10702F530D3100E76FD4 /* SleepRecordRow.swift in Sources */,
				FAEF10442F4E207F00E76FD4 /* BabySleepTrackerApp.swift in Sources */,
			);
			runOnlyForDeploymentPostprocessing = 0;
		};
/* End PBXSourcesBuildPhase section */

/* Begin PBXTargetDependency section */
		FA5488D52FAEB964002BC18B /* PBXTargetDependency */ = {
			isa = PBXTargetDependency;
			target = FAEF103F2F4E207F00E76FD4 /* BabySleepTracker */;
			targetProxy = FA5488D42FAEB964002BC18B /* PBXContainerItemProxy */;
		};
/* End PBXTargetDependency section */

/* Begin XCBuildConfiguration section */
		FA5488D72FAEB964002BC18B /* Debug */ = {
			isa = XCBuildConfiguration;
			buildSettings = {
				BUNDLE_LOADER = "$(TEST_HOST)";
				CODE_SIGN_STYLE = Automatic;
				CURRENT_PROJECT_VERSION = 1;
				DEVELOPMENT_TEAM = 2GF6Y44N8Z;
				GENERATE_INFOPLIST_FILE = YES;
				MARKETING_VERSION = 1.0;
				PRODUCT_BUNDLE_IDENTIFIER = com.BabySleepTrackerTests;
				PRODUCT_NAME = "$(TARGET_NAME)";
				SWIFT_EMIT_LOC_STRINGS = NO;
				SWIFT_VERSION = 5.0;
				TARGETED_DEVICE_FAMILY = "1,2";
				TEST_HOST = "$(BUILT_PRODUCTS_DIR)/BabySleepTracker.app/$(BUNDLE_EXECUTABLE_FOLDER_PATH)/BabySleepTracker";
			};
			name = Debug;
		};
		FA5488D82FAEB964002BC18B /* Release */ = {
			isa = XCBuildConfiguration;
			buildSettings = {
				BUNDLE_LOADER = "$(TEST_HOST)";
				CODE_SIGN_STYLE = Automatic;
				CURRENT_PROJECT_VERSION = 1;
				DEVELOPMENT_TEAM = 2GF6Y44N8Z;
				GENERATE_INFOPLIST_FILE = YES;
				MARKETING_VERSION = 1.0;
				PRODUCT_BUNDLE_IDENTIFIER = com.BabySleepTrackerTests;
				PRODUCT_NAME = "$(TARGET_NAME)";
				SWIFT_EMIT_LOC_STRINGS = NO;
				SWIFT_VERSION = 5.0;
				TARGETED_DEVICE_FAMILY = "1,2";
				TEST_HOST = "$(BUILT_PRODUCTS_DIR)/BabySleepTracker.app/$(BUNDLE_EXECUTABLE_FOLDER_PATH)/BabySleepTracker";
			};
			name = Release;
		};
		FAEF10512F4E208000E76FD4 /* Debug */ = {
			isa = XCBuildConfiguration;
			buildSettings = {
				ALWAYS_SEARCH_USER_PATHS = NO;
				CLANG_ANALYZER_NONNULL = YES;
				CLANG_ANALYZER_NUMBER_OBJECT_CONVERSION = YES_AGGRESSIVE;
				CLANG_CXX_LANGUAGE_STANDARD = "gnu++20";
				CLANG_ENABLE_MODULES = YES;
				CLANG_ENABLE_OBJC_ARC = YES;
				CLANG_ENABLE_OBJC_WEAK = YES;
				CLANG_WARN_BLOCK_CAPTURE_AUTORELEASING = YES;
				CLANG_WARN_BOOL_CONVERSION = YES;
				CLANG_WARN_COMMA = YES;
				CLANG_WARN_CONSTANT_CONVERSION = YES;
				CLANG_WARN_DEPRECATED_OBJC_IMPLEMENTATIONS = YES;
				CLANG_WARN_DIRECT_OBJC_ISA_USAGE = YES_ERROR;
				CLANG_WARN_DOCUMENTATION_COMMENTS = YES;
				CLANG_WARN_EMPTY_BODY = YES;
				CLANG_WARN_ENUM_CONVERSION = YES;
				CLANG_WARN_INFINITE_RECURSION = YES;
				CLANG_WARN_INT_CONVERSION = YES;
				CLANG_WARN_NON_LITERAL_NULL_CONVERSION = YES;
				CLANG_WARN_OBJC_IMPLICIT_RETAIN_SELF = YES;
				CLANG_WARN_OBJC_LITERAL_CONVERSION = YES;
				CLANG_WARN_OBJC_ROOT_CLASS = YES_ERROR;
				CLANG_WARN_QUOTED_INCLUDE_IN_FRAMEWORK_HEADER = YES;
				CLANG_WARN_RANGE_LOOP_ANALYSIS = YES;
				CLANG_WARN_STRICT_PROTOTYPES = YES;
				CLANG_WARN_SUSPICIOUS_MOVE = YES;
				CLANG_WARN_UNGUARDED_AVAILABILITY = YES_AGGRESSIVE;
				CLANG_WARN_UNREACHABLE_CODE = YES;
				CLANG_WARN__DUPLICATE_METHOD_MATCH = YES;
				COPY_PHASE_STRIP = NO;
				DEBUG_INFORMATION_FORMAT = dwarf;
				ENABLE_STRICT_OBJC_MSGSEND = YES;
				ENABLE_TESTABILITY = YES;
				GCC_C_LANGUAGE_STANDARD = gnu11;
				GCC_DYNAMIC_NO_PIC = NO;
				GCC_NO_COMMON_BLOCKS = YES;
				GCC_OPTIMIZATION_LEVEL = 0;
				GCC_PREPROCESSOR_DEFINITIONS = (
					"DEBUG=1",
					"$(inherited)",
				);
				GCC_WARN_64_TO_32_BIT_CONVERSION = YES;
				GCC_WARN_ABOUT_RETURN_TYPE = YES_ERROR;
				GCC_WARN_UNDECLARED_SELECTOR = YES;
				GCC_WARN_UNINITIALIZED_AUTOS = YES_AGGRESSIVE;
				GCC_WARN_UNUSED_FUNCTION = YES;
				GCC_WARN_UNUSED_VARIABLE = YES;
				IPHONEOS_DEPLOYMENT_TARGET = 16.2;
				MTL_ENABLE_DEBUG_INFO = INCLUDE_SOURCE;
				MTL_FAST_MATH = YES;
				ONLY_ACTIVE_ARCH = YES;
				SDKROOT = iphoneos;
				SWIFT_ACTIVE_COMPILATION_CONDITIONS = DEBUG;
				SWIFT_OPTIMIZATION_LEVEL = "-Onone";
			};
			name = Debug;
		};
		FAEF10522F4E208000E76FD4 /* Release */ = {
			isa = XCBuildConfiguration;
			buildSettings = {
				ALWAYS_SEARCH_USER_PATHS = NO;
				CLANG_ANALYZER_NONNULL = YES;
				CLANG_ANALYZER_NUMBER_OBJECT_CONVERSION = YES_AGGRESSIVE;
				CLANG_CXX_LANGUAGE_STANDARD = "gnu++20";
				CLANG_ENABLE_MODULES = YES;
				CLANG_ENABLE_OBJC_ARC = YES;
				CLANG_ENABLE_OBJC_WEAK = YES;
				CLANG_WARN_BLOCK_CAPTURE_AUTORELEASING = YES;
				CLANG_WARN_BOOL_CONVERSION = YES;
				CLANG_WARN_COMMA = YES;
				CLANG_WARN_CONSTANT_CONVERSION = YES;
				CLANG_WARN_DEPRECATED_OBJC_IMPLEMENTATIONS = YES;
				CLANG_WARN_DIRECT_OBJC_ISA_USAGE = YES_ERROR;
				CLANG_WARN_DOCUMENTATION_COMMENTS = YES;
				CLANG_WARN_EMPTY_BODY = YES;
				CLANG_WARN_ENUM_CONVERSION = YES;
				CLANG_WARN_INFINITE_RECURSION = YES;
				CLANG_WARN_INT_CONVERSION = YES;
				CLANG_WARN_NON_LITERAL_NULL_CONVERSION = YES;
				CLANG_WARN_OBJC_IMPLICIT_RETAIN_SELF = YES;
				CLANG_WARN_OBJC_LITERAL_CONVERSION = YES;
				CLANG_WARN_OBJC_ROOT_CLASS = YES_ERROR;
				CLANG_WARN_QUOTED_INCLUDE_IN_FRAMEWORK_HEADER = YES;
				CLANG_WARN_RANGE_LOOP_ANALYSIS = YES;
				CLANG_WARN_STRICT_PROTOTYPES = YES;
				CLANG_WARN_SUSPICIOUS_MOVE = YES;
				CLANG_WARN_UNGUARDED_AVAILABILITY = YES_AGGRESSIVE;
				CLANG_WARN_UNREACHABLE_CODE = YES;
				CLANG_WARN__DUPLICATE_METHOD_MATCH = YES;
				COPY_PHASE_STRIP = NO;
				DEBUG_INFORMATION_FORMAT = "dwarf-with-dsym";
				ENABLE_NS_ASSERTIONS = NO;
				ENABLE_STRICT_OBJC_MSGSEND = YES;
				GCC_C_LANGUAGE_STANDARD = gnu11;
				GCC_NO_COMMON_BLOCKS = YES;
				GCC_WARN_64_TO_32_BIT_CONVERSION = YES;
				GCC_WARN_ABOUT_RETURN_TYPE = YES_ERROR;
				GCC_WARN_UNDECLARED_SELECTOR = YES;
				GCC_WARN_UNINITIALIZED_AUTOS = YES_AGGRESSIVE;
				GCC_WARN_UNUSED_FUNCTION = YES;
				GCC_WARN_UNUSED_VARIABLE = YES;
				IPHONEOS_DEPLOYMENT_TARGET = 16.2;
				MTL_ENABLE_DEBUG_INFO = NO;
				MTL_FAST_MATH = YES;
				SDKROOT = iphoneos;
				SWIFT_COMPILATION_MODE = wholemodule;
				SWIFT_OPTIMIZATION_LEVEL = "-O";
				VALIDATE_PRODUCT = YES;
			};
			name = Release;
		};
		FAEF10542F4E208000E76FD4 /* Debug */ = {
			isa = XCBuildConfiguration;
			buildSettings = {
				ASSETCATALOG_COMPILER_APPICON_NAME = AppIcon;
				ASSETCATALOG_COMPILER_GLOBAL_ACCENT_COLOR_NAME = AccentColor;
				CODE_SIGN_STYLE = Automatic;
				CURRENT_PROJECT_VERSION = 1;
				DEVELOPMENT_ASSET_PATHS = "\"BabySleepTracker/Preview Content\"";
				DEVELOPMENT_TEAM = 2GF6Y44N8Z;
				ENABLE_PREVIEWS = YES;
				GENERATE_INFOPLIST_FILE = YES;
				INFOPLIST_KEY_UIApplicationSceneManifest_Generation = YES;
				INFOPLIST_KEY_UIApplicationSupportsIndirectInputEvents = YES;
				INFOPLIST_KEY_UILaunchScreen_Generation = YES;
				INFOPLIST_KEY_UISupportedInterfaceOrientations_iPad = "UIInterfaceOrientationPortrait UIInterfaceOrientationPortraitUpsideDown UIInterfaceOrientationLandscapeLeft UIInterfaceOrientationLandscapeRight";
				INFOPLIST_KEY_UISupportedInterfaceOrientations_iPhone = "UIInterfaceOrientationPortrait UIInterfaceOrientationLandscapeLeft UIInterfaceOrientationLandscapeRight";
				LD_RUNPATH_SEARCH_PATHS = (
					"$(inherited)",
					"@executable_path/Frameworks",
				);
				MARKETING_VERSION = 1.0;
				PRODUCT_BUNDLE_IDENTIFIER = com.BabySleepTracker;
				PRODUCT_NAME = "$(TARGET_NAME)";
				SWIFT_EMIT_LOC_STRINGS = YES;
				SWIFT_VERSION = 5.0;
				TARGETED_DEVICE_FAMILY = "1,2";
			};
			name = Debug;
		};
		FAEF10552F4E208000E76FD4 /* Release */ = {
			isa = XCBuildConfiguration;
			buildSettings = {
				ASSETCATALOG_COMPILER_APPICON_NAME = AppIcon;
				ASSETCATALOG_COMPILER_GLOBAL_ACCENT_COLOR_NAME = AccentColor;
				CODE_SIGN_STYLE = Automatic;
				CURRENT_PROJECT_VERSION = 1;
				DEVELOPMENT_ASSET_PATHS = "\"BabySleepTracker/Preview Content\"";
				DEVELOPMENT_TEAM = 2GF6Y44N8Z;
				ENABLE_PREVIEWS = YES;
				GENERATE_INFOPLIST_FILE = YES;
				INFOPLIST_KEY_UIApplicationSceneManifest_Generation = YES;
				INFOPLIST_KEY_UIApplicationSupportsIndirectInputEvents = YES;
				INFOPLIST_KEY_UILaunchScreen_Generation = YES;
				INFOPLIST_KEY_UISupportedInterfaceOrientations_iPad = "UIInterfaceOrientationPortrait UIInterfaceOrientationPortraitUpsideDown UIInterfaceOrientationLandscapeLeft UIInterfaceOrientationLandscapeRight";
				INFOPLIST_KEY_UISupportedInterfaceOrientations_iPhone = "UIInterfaceOrientationPortrait UIInterfaceOrientationLandscapeLeft UIInterfaceOrientationLandscapeRight";
				LD_RUNPATH_SEARCH_PATHS = (
					"$(inherited)",
					"@executable_path/Frameworks",
				);
				MARKETING_VERSION = 1.0;
				PRODUCT_BUNDLE_IDENTIFIER = com.BabySleepTracker;
				PRODUCT_NAME = "$(TARGET_NAME)";
				SWIFT_EMIT_LOC_STRINGS = YES;
				SWIFT_VERSION = 5.0;
				TARGETED_DEVICE_FAMILY = "1,2";
			};
			name = Release;
		};
/* End XCBuildConfiguration section */

/* Begin XCConfigurationList section */
		FA5488D62FAEB964002BC18B /* Build configuration list for PBXNativeTarget "BabySleepTrackerTests" */ = {
			isa = XCConfigurationList;
			buildConfigurations = (
				FA5488D72FAEB964002BC18B /* Debug */,
				FA5488D82FAEB964002BC18B /* Release */,
			);
			defaultConfigurationIsVisible = 0;
			defaultConfigurationName = Release;
		};
		FAEF103B2F4E207F00E76FD4 /* Build configuration list for PBXProject "BabySleepTracker" */ = {
			isa = XCConfigurationList;
			buildConfigurations = (
				FAEF10512F4E208000E76FD4 /* Debug */,
				FAEF10522F4E208000E76FD4 /* Release */,
			);
			defaultConfigurationIsVisible = 0;
			defaultConfigurationName = Release;
		};
		FAEF10532F4E208000E76FD4 /* Build configuration list for PBXNativeTarget "BabySleepTracker" */ = {
			isa = XCConfigurationList;
			buildConfigurations = (
				FAEF10542F4E208000E76FD4 /* Debug */,
				FAEF10552F4E208000E76FD4 /* Release */,
			);
			defaultConfigurationIsVisible = 0;
			defaultConfigurationName = Release;
		};
/* End XCConfigurationList section */

/* Begin XCVersionGroup section */
		FAEF104E2F4E208000E76FD4 /* BabySleepTracker.xcdatamodeld */ = {
			isa = XCVersionGroup;
			children = (
				FAEF104F2F4E208000E76FD4 /* BabySleepTracker.xcdatamodel */,
			);
			currentVersion = FAEF104F2F4E208000E76FD4 /* BabySleepTracker.xcdatamodel */;
			path = BabySleepTracker.xcdatamodeld;
			sourceTree = "<group>";
			versionGroupType = wrapper.xcdatamodel;
		};
/* End XCVersionGroup section */
	};
	rootObject = FAEF10382F4E207F00E76FD4 /* Project object */;
}
